
Microsoft Visual Studio Solution File, Format Version 12.00
# Visual Studio 15
VisualStudioVersion = 15.0.26730.16
MinimumVisualStudioVersion = 10.0.40219.1
Project("{FAE04EC0-301F-11D3-BF4B-00C04F79EFBC}") = "Obrazce", "Obrazce\Obrazce.csproj", "{ACF70D91-EECC-4605-BE2D-597A8EE1CC6F}"
EndProject
Global
	GlobalSection(SolutionConfigurationPlatforms) = preSolution
		Debug|Any CPU = Debug|Any CPU
		Release|Any CPU = Release|Any CPU
	EndGlobalSection
	GlobalSection(ProjectConfigurationPlatforms) = postSolution
		{ACF70D91-EECC-4605-BE2D-597A8EE1CC6F}.Debug|Any CPU.ActiveCfg = Debug|Any CPU
		{ACF70D91-EECC-4605-BE2D-597A8EE1CC6F}.Debug|Any CPU.Build.0 = Debug|Any CPU
		{ACF70D91-EECC-4605-BE2D-597A8EE1CC6F}.Release|Any CPU.ActiveCfg = Release|Any CPU
		{ACF70D91-EECC-4605-BE2D-597A8EE1CC6F}.Release|Any CPU.Build.0 = Release|Any CPU
	EndGlobalSection
	GlobalSection(SolutionProperties) = preSolution
		HideSolutionNode = FALSE
	EndGlobalSection
	GlobalSection(ExtensibilityGlobals) = postSolution
		SolutionGuid = {788DC47D-10E0-47F4-8EE2-BD84C3C269CF}
	EndGlobalSection
EndGlobal
